// !$*UTF8*$!
{
	archiveVersion = 1;
	classes = {
	};
	objectVersion = 56;
	objects = {

/* Begin PBXBuildFile section */
		3B0E06182D8E7C53000A5C37 /* SpeechView.swift in Sources */ = {isa = PBXBuildFile; fileRef = 3B0E06172D8E7C53000A5C37 /* SpeechView.swift */; };
		3B447CB62D8BFC4500639228 /* PlayerCaptureManager.swift in Sources */ = {isa = PBXBuildFile; fileRef = 3B447CB52D8BFC4500639228 /* PlayerCaptureManager.swift */; };
		3B447CB82D8BFC5800639228 /* HiderView.swift in Sources */ = {isa = PBXBuildFile; fileRef = 3B447CB72D8BFC5800639228 /* HiderView.swift */; };
		3B447CBA2D8BFC6C00639228 /* SeekerView.swift in Sources */ = {isa = PBXBuildFile; fileRef = 3B447CB92D8BFC6C00639228 /* SeekerView.swift */; };
		3B4FFA6E2D8EC1A100FFB566 /* Seeker2.json in Resources */ = {isa = PBXBuildFile; fileRef = 3B4FFA6D2D8EC1A100FFB566 /* Seeker2.json */; };
		3B6B03682D8E900E000E4160 /* Loop_Lottie.View.swift in Sources */ = {isa = PBXBuildFile; fileRef = 3B6B03672D8E900E000E4160 /* Loop_Lottie.View.swift */; };
		3B6B036A2D8E9010000E4160 /* Lottie_Animation.swift in Sources */ = {isa = PBXBuildFile; fileRef = 3B6B03692D8E9010000E4160 /* Lottie_Animation.swift */; };
		3B6B036E2D8E906C000E4160 /* Check.json in Resources */ = {isa = PBXBuildFile; fileRef = 3B6B036D2D8E906C000E4160 /* Check.json */; };
		3B6B03702D8E9072000E4160 /* Hider.json in Resources */ = {isa = PBXBuildFile; fileRef = 3B6B036F2D8E9071000E4160 /* Hider.json */; };
		3B93C67E2D82EBEF00E40CB7 /* narugakurugaApp.swift in Sources */ = {isa = PBXBuildFile; fileRef = 3B93C67D2D82EBEF00E40CB7 /* narugakurugaApp.swift */; };
		3B93C6802D82EBEF00E40CB7 /* ContentView.swift in Sources */ = {isa = PBXBuildFile; fileRef = 3B93C67F2D82EBEF00E40CB7 /* ContentView.swift */; };
		3B93C6822D82EBF100E40CB7 /* Assets.xcassets in Resources */ = {isa = PBXBuildFile; fileRef = 3B93C6812D82EBF100E40CB7 /* Assets.xcassets */; };
		3B93C6852D82EBF100E40CB7 /* Preview Assets.xcassets in Resources */ = {isa = PBXBuildFile; fileRef = 3B93C6842D82EBF100E40CB7 /* Preview Assets.xcassets */; };
		3B93C68F2D82EBF100E40CB7 /* narugakurugaTests.swift in Sources */ = {isa = PBXBuildFile; fileRef = 3B93C68E2D82EBF100E40CB7 /* narugakurugaTests.swift */; };
		3B93C6992D82EBF100E40CB7 /* narugakurugaUITests.swift in Sources */ = {isa = PBXBuildFile; fileRef = 3B93C6982D82EBF100E40CB7 /* narugakurugaUITests.swift */; };
		3B93C69B2D82EBF100E40CB7 /* narugakurugaUITestsLaunchTests.swift in Sources */ = {isa = PBXBuildFile; fileRef = 3B93C69A2D82EBF100E40CB7 /* narugakurugaUITestsLaunchTests.swift */; };
		3B93C6AD2D83216A00E40CB7 /* Lottie in Frameworks */ = {isa = PBXBuildFile; productRef = 3B93C6AC2D83216A00E40CB7 /* Lottie */; };
		3B93C6AF2D83E0C100E40CB7 /* SeekerViewModel.swift in Sources */ = {isa = PBXBuildFile; fileRef = 3B93C6AE2D83E0C100E40CB7 /* SeekerViewModel.swift */; };
		3B93C6B12D83E0D300E40CB7 /* HiderViewModel.swift in Sources */ = {isa = PBXBuildFile; fileRef = 3B93C6B02D83E0D300E40CB7 /* HiderViewModel.swift */; };
		3B93C6B32D83F6AD00E40CB7 /* seek_sound.mp3 in Resources */ = {isa = PBXBuildFile; fileRef = 3B93C6B22D83F6AC00E40CB7 /* seek_sound.mp3 */; };
		3B93C6B52D856A6200E40CB7 /* MissionViewModel.swift in Sources */ = {isa = PBXBuildFile; fileRef = 3B93C6B42D856A6200E40CB7 /* MissionViewModel.swift */; };
		3B93C6B82D856C7800E40CB7 /* FirebaseFirestore in Frameworks */ = {isa = PBXBuildFile; productRef = 3B93C6B72D856C7800E40CB7 /* FirebaseFirestore */; };
		3B93C6BA2D856CCE00E40CB7 /* MissionView.swift in Sources */ = {isa = PBXBuildFile; fileRef = 3B93C6B92D856CCE00E40CB7 /* MissionView.swift */; };
		3B93C6BC2D856CF900E40CB7 /* StepTrackViewModel.swift in Sources */ = {isa = PBXBuildFile; fileRef = 3B93C6BB2D856CF900E40CB7 /* StepTrackViewModel.swift */; };
		3B93C6BE2D856D9A00E40CB7 /* MissionModel.swift in Sources */ = {isa = PBXBuildFile; fileRef = 3B93C6BD2D856D9A00E40CB7 /* MissionModel.swift */; };
		3B93C6C02D8570CA00E40CB7 /* GoogleService-Info.plist in Resources */ = {isa = PBXBuildFile; fileRef = 3B93C6BF2D8570CA00E40CB7 /* GoogleService-Info.plist */; };
		3B981C6E2D8EB5F300723FD6 /* Timer.json in Resources */ = {isa = PBXBuildFile; fileRef = 3B981C6D2D8EB5F200723FD6 /* Timer.json */; };
		3BC6BCF42D8A976E00D6C948 /* DecibelViewModel.swift in Sources */ = {isa = PBXBuildFile; fileRef = 3BC6BCF32D8A976E00D6C948 /* DecibelViewModel.swift */; };
		3BC6BCF62D8A977E00D6C948 /* DecibelsView.swift in Sources */ = {isa = PBXBuildFile; fileRef = 3BC6BCF52D8A977E00D6C948 /* DecibelsView.swift */; };
		3BC6BCF82D8A978700D6C948 /* WalkView.swift in Sources */ = {isa = PBXBuildFile; fileRef = 3BC6BCF72D8A978600D6C948 /* WalkView.swift */; };
		3BC6BCFA2D8A99DE00D6C948 /* MissionCompleteView.swift in Sources */ = {isa = PBXBuildFile; fileRef = 3BC6BCF92D8A99DE00D6C948 /* MissionCompleteView.swift */; };
		3BC6BCFD2D8A9ABB00D6C948 /* PrimaryButtonStyle.swift in Sources */ = {isa = PBXBuildFile; fileRef = 3BC6BCFC2D8A9ABB00D6C948 /* PrimaryButtonStyle.swift */; };
		3BC6BCFF2D8AE9ED00D6C948 /* GameWinView.swift in Sources */ = {isa = PBXBuildFile; fileRef = 3BC6BCFE2D8AE9ED00D6C948 /* GameWinView.swift */; };
		3BFBD6262D8C402600CCFCE1 /* ColorExtension.swift in Sources */ = {isa = PBXBuildFile; fileRef = 3BFBD6252D8C402600CCFCE1 /* ColorExtension.swift */; };
		3BFBD6282D8C404500CCFCE1 /* BlurView.swift in Sources */ = {isa = PBXBuildFile; fileRef = 3BFBD6272D8C404500CCFCE1 /* BlurView.swift */; };
		3BFBD62A2D8C439E00CCFCE1 /* MissionCountdownView.swift in Sources */ = {isa = PBXBuildFile; fileRef = 3BFBD6292D8C439E00CCFCE1 /* MissionCountdownView.swift */; };
		3BFBD62C2D8C45BD00CCFCE1 /* ComponentView.swift in Sources */ = {isa = PBXBuildFile; fileRef = 3BFBD62B2D8C45BD00CCFCE1 /* ComponentView.swift */; };
		A753B0ED2D8E996900C78A5A /* SeekerCountView.swift in Sources */ = {isa = PBXBuildFile; fileRef = A753B0EC2D8E996900C78A5A /* SeekerCountView.swift */; };
		A77580E72D8E79300063C26E /* Supabase in Frameworks */ = {isa = PBXBuildFile; productRef = A77580E62D8E79300063C26E /* Supabase */; };
		A77580E92D8E7B370063C26E /* SupabaseManager.swift in Sources */ = {isa = PBXBuildFile; fileRef = A77580E82D8E7B370063C26E /* SupabaseManager.swift */; };
		A77580ED2D8E84120063C26E /* FetchImageView.swift in Sources */ = {isa = PBXBuildFile; fileRef = A77580EC2D8E84120063C26E /* FetchImageView.swift */; };
		A77580EF2D8E87FA0063C26E /* SupabaseListViewModel.swift in Sources */ = {isa = PBXBuildFile; fileRef = A77580EE2D8E87FA0063C26E /* SupabaseListViewModel.swift */; };
		A78BFD1A2D8E6D720059D857 /* CameraViewModel.swift in Sources */ = {isa = PBXBuildFile; fileRef = A78BFD192D8E6D720059D857 /* CameraViewModel.swift */; };
		A78BFD1C2D8E6DD10059D857 /* CameraView.swift in Sources */ = {isa = PBXBuildFile; fileRef = A78BFD1B2D8E6DD10059D857 /* CameraView.swift */; };
		A78BFD1E2D8E71F80059D857 /* HiderMapView.swift in Sources */ = {isa = PBXBuildFile; fileRef = A78BFD1D2D8E71F80059D857 /* HiderMapView.swift */; };
		A78BFD202D8E72000059D857 /* HiderMainView.swift in Sources */ = {isa = PBXBuildFile; fileRef = A78BFD1F2D8E72000059D857 /* HiderMainView.swift */; };
		A7F8A7F92D8D4D3E00E50916 /* LocationView.swift in Sources */ = {isa = PBXBuildFile; fileRef = A7F8A7F82D8D4D3E00E50916 /* LocationView.swift */; };
		A7F8A7FB2D8D4D5500E50916 /* GetLocationViewModel.swift in Sources */ = {isa = PBXBuildFile; fileRef = A7F8A7FA2D8D4D5500E50916 /* GetLocationViewModel.swift */; };
		A7F8A7FD2D8D4D5E00E50916 /* Party.json in Resources */ = {isa = PBXBuildFile; fileRef = A7F8A7FC2D8D4D5E00E50916 /* Party.json */; };
		A7F8A7FF2D8D4DA600E50916 /* locationViewModel.swift in Sources */ = {isa = PBXBuildFile; fileRef = A7F8A7FE2D8D4DA600E50916 /* locationViewModel.swift */; };
/* End PBXBuildFile section */

/* Begin PBXContainerItemProxy section */
		3B93C68B2D82EBF100E40CB7 /* PBXContainerItemProxy */ = {
			isa = PBXContainerItemProxy;
			containerPortal = 3B93C6722D82EBEF00E40CB7 /* Project object */;
			proxyType = 1;
			remoteGlobalIDString = 3B93C6792D82EBEF00E40CB7;
			remoteInfo = narugakuruga;
		};
		3B93C6952D82EBF100E40CB7 /* PBXContainerItemProxy */ = {
			isa = PBXContainerItemProxy;
			containerPortal = 3B93C6722D82EBEF00E40CB7 /* Project object */;
			proxyType = 1;
			remoteGlobalIDString = 3B93C6792D82EBEF00E40CB7;
			remoteInfo = narugakuruga;
		};
/* End PBXContainerItemProxy section */

/* Begin PBXFileReference section */
		3B0E06172D8E7C53000A5C37 /* SpeechView.swift */ = {isa = PBXFileReference; lastKnownFileType = sourcecode.swift; path = SpeechView.swift; sourceTree = "<group>"; };
		3B447CB52D8BFC4500639228 /* PlayerCaptureManager.swift */ = {isa = PBXFileReference; fileEncoding = 4; lastKnownFileType = sourcecode.swift; path = PlayerCaptureManager.swift; sourceTree = "<group>"; };
		3B447CB72D8BFC5800639228 /* HiderView.swift */ = {isa = PBXFileReference; fileEncoding = 4; lastKnownFileType = sourcecode.swift; name = HiderView.swift; path = narugakuruga/View/HiderView.swift; sourceTree = SOURCE_ROOT; };
		3B447CB92D8BFC6C00639228 /* SeekerView.swift */ = {isa = PBXFileReference; fileEncoding = 4; lastKnownFileType = sourcecode.swift; path = SeekerView.swift; sourceTree = "<group>"; };
		3B4FFA6D2D8EC1A100FFB566 /* Seeker2.json */ = {isa = PBXFileReference; fileEncoding = 4; lastKnownFileType = text.json; path = Seeker2.json; sourceTree = "<group>"; };
		3B6B03672D8E900E000E4160 /* Loop_Lottie.View.swift */ = {isa = PBXFileReference; lastKnownFileType = sourcecode.swift; path = Loop_Lottie.View.swift; sourceTree = "<group>"; };
		3B6B03692D8E9010000E4160 /* Lottie_Animation.swift */ = {isa = PBXFileReference; lastKnownFileType = sourcecode.swift; path = Lottie_Animation.swift; sourceTree = "<group>"; };
		3B6B036D2D8E906C000E4160 /* Check.json */ = {isa = PBXFileReference; fileEncoding = 4; lastKnownFileType = text.json; path = Check.json; sourceTree = "<group>"; };
		3B6B036F2D8E9071000E4160 /* Hider.json */ = {isa = PBXFileReference; fileEncoding = 4; lastKnownFileType = text.json; path = Hider.json; sourceTree = "<group>"; };
		3B93C67A2D82EBEF00E40CB7 /* narugakuruga.app */ = {isa = PBXFileReference; explicitFileType = wrapper.application; includeInIndex = 0; path = narugakuruga.app; sourceTree = BUILT_PRODUCTS_DIR; };
		3B93C67D2D82EBEF00E40CB7 /* narugakurugaApp.swift */ = {isa = PBXFileReference; lastKnownFileType = sourcecode.swift; path = narugakurugaApp.swift; sourceTree = "<group>"; };
		3B93C67F2D82EBEF00E40CB7 /* ContentView.swift */ = {isa = PBXFileReference; lastKnownFileType = sourcecode.swift; path = ContentView.swift; sourceTree = "<group>"; };
		3B93C6812D82EBF100E40CB7 /* Assets.xcassets */ = {isa = PBXFileReference; lastKnownFileType = folder.assetcatalog; path = Assets.xcassets; sourceTree = "<group>"; };
		3B93C6842D82EBF100E40CB7 /* Preview Assets.xcassets */ = {isa = PBXFileReference; lastKnownFileType = folder.assetcatalog; path = "Preview Assets.xcassets"; sourceTree = "<group>"; };
		3B93C68A2D82EBF100E40CB7 /* narugakurugaTests.xctest */ = {isa = PBXFileReference; explicitFileType = wrapper.cfbundle; includeInIndex = 0; path = narugakurugaTests.xctest; sourceTree = BUILT_PRODUCTS_DIR; };
		3B93C68E2D82EBF100E40CB7 /* narugakurugaTests.swift */ = {isa = PBXFileReference; lastKnownFileType = sourcecode.swift; path = narugakurugaTests.swift; sourceTree = "<group>"; };
		3B93C6942D82EBF100E40CB7 /* narugakurugaUITests.xctest */ = {isa = PBXFileReference; explicitFileType = wrapper.cfbundle; includeInIndex = 0; path = narugakurugaUITests.xctest; sourceTree = BUILT_PRODUCTS_DIR; };
		3B93C6982D82EBF100E40CB7 /* narugakurugaUITests.swift */ = {isa = PBXFileReference; lastKnownFileType = sourcecode.swift; path = narugakurugaUITests.swift; sourceTree = "<group>"; };
		3B93C69A2D82EBF100E40CB7 /* narugakurugaUITestsLaunchTests.swift */ = {isa = PBXFileReference; lastKnownFileType = sourcecode.swift; path = narugakurugaUITestsLaunchTests.swift; sourceTree = "<group>"; };
		3B93C6AE2D83E0C100E40CB7 /* SeekerViewModel.swift */ = {isa = PBXFileReference; lastKnownFileType = sourcecode.swift; path = SeekerViewModel.swift; sourceTree = "<group>"; };
		3B93C6B02D83E0D300E40CB7 /* HiderViewModel.swift */ = {isa = PBXFileReference; lastKnownFileType = sourcecode.swift; path = HiderViewModel.swift; sourceTree = "<group>"; };
		3B93C6B22D83F6AC00E40CB7 /* seek_sound.mp3 */ = {isa = PBXFileReference; lastKnownFileType = audio.mp3; path = seek_sound.mp3; sourceTree = "<group>"; };
		3B93C6B42D856A6200E40CB7 /* MissionViewModel.swift */ = {isa = PBXFileReference; lastKnownFileType = sourcecode.swift; path = MissionViewModel.swift; sourceTree = "<group>"; };
		3B93C6B92D856CCE00E40CB7 /* MissionView.swift */ = {isa = PBXFileReference; lastKnownFileType = sourcecode.swift; path = MissionView.swift; sourceTree = "<group>"; };
		3B93C6BB2D856CF900E40CB7 /* StepTrackViewModel.swift */ = {isa = PBXFileReference; lastKnownFileType = sourcecode.swift; path = StepTrackViewModel.swift; sourceTree = "<group>"; };
		3B93C6BD2D856D9A00E40CB7 /* MissionModel.swift */ = {isa = PBXFileReference; lastKnownFileType = sourcecode.swift; path = MissionModel.swift; sourceTree = "<group>"; };
		3B93C6BF2D8570CA00E40CB7 /* GoogleService-Info.plist */ = {isa = PBXFileReference; fileEncoding = 4; lastKnownFileType = text.plist.xml; path = "GoogleService-Info.plist"; sourceTree = "<group>"; };
		3B981C6D2D8EB5F200723FD6 /* Timer.json */ = {isa = PBXFileReference; fileEncoding = 4; lastKnownFileType = text.json; path = Timer.json; sourceTree = "<group>"; };
		3BC6BCF32D8A976E00D6C948 /* DecibelViewModel.swift */ = {isa = PBXFileReference; fileEncoding = 4; lastKnownFileType = sourcecode.swift; path = DecibelViewModel.swift; sourceTree = "<group>"; };
		3BC6BCF52D8A977E00D6C948 /* DecibelsView.swift */ = {isa = PBXFileReference; fileEncoding = 4; lastKnownFileType = sourcecode.swift; name = DecibelsView.swift; path = narugakuruga/View/DecibelsView.swift; sourceTree = SOURCE_ROOT; };
		3BC6BCF72D8A978600D6C948 /* WalkView.swift */ = {isa = PBXFileReference; fileEncoding = 4; lastKnownFileType = sourcecode.swift; name = WalkView.swift; path = narugakuruga/View/WalkView.swift; sourceTree = SOURCE_ROOT; };
		3BC6BCF92D8A99DE00D6C948 /* MissionCompleteView.swift */ = {isa = PBXFileReference; lastKnownFileType = sourcecode.swift; path = MissionCompleteView.swift; sourceTree = "<group>"; };
		3BC6BCFC2D8A9ABB00D6C948 /* PrimaryButtonStyle.swift */ = {isa = PBXFileReference; lastKnownFileType = sourcecode.swift; path = PrimaryButtonStyle.swift; sourceTree = "<group>"; };
		3BC6BCFE2D8AE9ED00D6C948 /* GameWinView.swift */ = {isa = PBXFileReference; lastKnownFileType = sourcecode.swift; path = GameWinView.swift; sourceTree = "<group>"; };
		3BFBD6252D8C402600CCFCE1 /* ColorExtension.swift */ = {isa = PBXFileReference; lastKnownFileType = sourcecode.swift; path = ColorExtension.swift; sourceTree = "<group>"; };
		3BFBD6272D8C404500CCFCE1 /* BlurView.swift */ = {isa = PBXFileReference; lastKnownFileType = sourcecode.swift; path = BlurView.swift; sourceTree = "<group>"; };
		3BFBD6292D8C439E00CCFCE1 /* MissionCountdownView.swift */ = {isa = PBXFileReference; lastKnownFileType = sourcecode.swift; path = MissionCountdownView.swift; sourceTree = "<group>"; };
		3BFBD62B2D8C45BD00CCFCE1 /* ComponentView.swift */ = {isa = PBXFileReference; lastKnownFileType = sourcecode.swift; path = ComponentView.swift; sourceTree = "<group>"; };
		A753B0EC2D8E996900C78A5A /* SeekerCountView.swift */ = {isa = PBXFileReference; lastKnownFileType = sourcecode.swift; path = SeekerCountView.swift; sourceTree = "<group>"; };
		A77580E82D8E7B370063C26E /* SupabaseManager.swift */ = {isa = PBXFileReference; lastKnownFileType = sourcecode.swift; path = SupabaseManager.swift; sourceTree = "<group>"; };
		A77580EC2D8E84120063C26E /* FetchImageView.swift */ = {isa = PBXFileReference; lastKnownFileType = sourcecode.swift; path = FetchImageView.swift; sourceTree = "<group>"; };
		A77580EE2D8E87FA0063C26E /* SupabaseListViewModel.swift */ = {isa = PBXFileReference; lastKnownFileType = sourcecode.swift; path = SupabaseListViewModel.swift; sourceTree = "<group>"; };
		A78BFD192D8E6D720059D857 /* CameraViewModel.swift */ = {isa = PBXFileReference; lastKnownFileType = sourcecode.swift; path = CameraViewModel.swift; sourceTree = "<group>"; };
		A78BFD1B2D8E6DD10059D857 /* CameraView.swift */ = {isa = PBXFileReference; lastKnownFileType = sourcecode.swift; path = CameraView.swift; sourceTree = "<group>"; };
		A78BFD1D2D8E71F80059D857 /* HiderMapView.swift */ = {isa = PBXFileReference; lastKnownFileType = sourcecode.swift; path = HiderMapView.swift; sourceTree = "<group>"; };
		A78BFD1F2D8E72000059D857 /* HiderMainView.swift */ = {isa = PBXFileReference; lastKnownFileType = sourcecode.swift; path = HiderMainView.swift; sourceTree = "<group>"; };
		A7F8A7F82D8D4D3E00E50916 /* LocationView.swift */ = {isa = PBXFileReference; fileEncoding = 4; lastKnownFileType = sourcecode.swift; path = LocationView.swift; sourceTree = "<group>"; };
		A7F8A7FA2D8D4D5500E50916 /* GetLocationViewModel.swift */ = {isa = PBXFileReference; fileEncoding = 4; lastKnownFileType = sourcecode.swift; name = GetLocationViewModel.swift; path = narugakuruga/ViewModel/GetLocationViewModel.swift; sourceTree = SOURCE_ROOT; };
		A7F8A7FC2D8D4D5E00E50916 /* Party.json */ = {isa = PBXFileReference; fileEncoding = 4; lastKnownFileType = text.json; name = Party.json; path = narugakuruga/Lottie/Party.json; sourceTree = SOURCE_ROOT; };
		A7F8A7FE2D8D4DA600E50916 /* locationViewModel.swift */ = {isa = PBXFileReference; fileEncoding = 4; lastKnownFileType = sourcecode.swift; path = locationViewModel.swift; sourceTree = "<group>"; };
/* End PBXFileReference section */

/* Begin PBXFrameworksBuildPhase section */
		3B93C6772D82EBEF00E40CB7 /* Frameworks */ = {
			isa = PBXFrameworksBuildPhase;
			buildActionMask = 2147483647;
			files = (
				3B93C6AD2D83216A00E40CB7 /* Lottie in Frameworks */,
				3B93C6B82D856C7800E40CB7 /* FirebaseFirestore in Frameworks */,
				A77580E72D8E79300063C26E /* Supabase in Frameworks */,
			);
			runOnlyForDeploymentPostprocessing = 0;
		};
		3B93C6872D82EBF100E40CB7 /* Frameworks */ = {
			isa = PBXFrameworksBuildPhase;
			buildActionMask = 2147483647;
			files = (
			);
			runOnlyForDeploymentPostprocessing = 0;
		};
		3B93C6912D82EBF100E40CB7 /* Frameworks */ = {
			isa = PBXFrameworksBuildPhase;
			buildActionMask = 2147483647;
			files = (
			);
			runOnlyForDeploymentPostprocessing = 0;
		};
/* End PBXFrameworksBuildPhase section */

/* Begin PBXGroup section */
		3B93C6712D82EBEF00E40CB7 = {
			isa = PBXGroup;
			children = (
				3B93C6BF2D8570CA00E40CB7 /* GoogleService-Info.plist */,
				3B93C67C2D82EBEF00E40CB7 /* narugakuruga */,
				3B93C68D2D82EBF100E40CB7 /* narugakurugaTests */,
				3B93C6972D82EBF100E40CB7 /* narugakurugaUITests */,
				3B93C67B2D82EBEF00E40CB7 /* Products */,
				3B93C6AB2D83216A00E40CB7 /* Frameworks */,
			);
			sourceTree = "<group>";
		};
		3B93C67B2D82EBEF00E40CB7 /* Products */ = {
			isa = PBXGroup;
			children = (
				3B93C67A2D82EBEF00E40CB7 /* narugakuruga.app */,
				3B93C68A2D82EBF100E40CB7 /* narugakurugaTests.xctest */,
				3B93C6942D82EBF100E40CB7 /* narugakurugaUITests.xctest */,
			);
			name = Products;
			sourceTree = "<group>";
		};
		3B93C67C2D82EBEF00E40CB7 /* narugakuruga */ = {
			isa = PBXGroup;
			children = (
				83504B6E2D8AFBB600E1FEB4 /* Lottie */,
				3B93C6B22D83F6AC00E40CB7 /* seek_sound.mp3 */,
				3B93C67D2D82EBEF00E40CB7 /* narugakurugaApp.swift */,
				3B93C6A92D8320B600E40CB7 /* ViewModel */,
				3B93C6A82D8320B100E40CB7 /* View */,
				3B93C6A72D8320A500E40CB7 /* Model */,
				3BFBD6242D8C400E00CCFCE1 /* Util */,
				3B93C6812D82EBF100E40CB7 /* Assets.xcassets */,
				3B93C6832D82EBF100E40CB7 /* Preview Content */,
			);
			path = narugakuruga;
			sourceTree = "<group>";
		};
		3B93C6832D82EBF100E40CB7 /* Preview Content */ = {
			isa = PBXGroup;
			children = (
				3B93C6842D82EBF100E40CB7 /* Preview Assets.xcassets */,
			);
			path = "Preview Content";
			sourceTree = "<group>";
		};
		3B93C68D2D82EBF100E40CB7 /* narugakurugaTests */ = {
			isa = PBXGroup;
			children = (
				3B93C68E2D82EBF100E40CB7 /* narugakurugaTests.swift */,
			);
			path = narugakurugaTests;
			sourceTree = "<group>";
		};
		3B93C6972D82EBF100E40CB7 /* narugakurugaUITests */ = {
			isa = PBXGroup;
			children = (
				3B93C6982D82EBF100E40CB7 /* narugakurugaUITests.swift */,
				3B93C69A2D82EBF100E40CB7 /* narugakurugaUITestsLaunchTests.swift */,
			);
			path = narugakurugaUITests;
			sourceTree = "<group>";
		};
		3B93C6A72D8320A500E40CB7 /* Model */ = {
			isa = PBXGroup;
			children = (
				3B93C6BD2D856D9A00E40CB7 /* MissionModel.swift */,
			);
			path = Model;
			sourceTree = "<group>";
		};
		3B93C6A82D8320B100E40CB7 /* View */ = {
			isa = PBXGroup;
			children = (
				3B0E06172D8E7C53000A5C37 /* SpeechView.swift */,
				A753B0EC2D8E996900C78A5A /* SeekerCountView.swift */,
				3B447CB92D8BFC6C00639228 /* SeekerView.swift */,
				A78BFD1F2D8E72000059D857 /* HiderMainView.swift */,
				3B447CB72D8BFC5800639228 /* HiderView.swift */,
				A78BFD1D2D8E71F80059D857 /* HiderMapView.swift */,
				3BC6BCF52D8A977E00D6C948 /* DecibelsView.swift */,
				3BC6BCF72D8A978600D6C948 /* WalkView.swift */,
				3B93C67F2D82EBEF00E40CB7 /* ContentView.swift */,
				3B93C6B92D856CCE00E40CB7 /* MissionView.swift */,
				A7F8A7F82D8D4D3E00E50916 /* LocationView.swift */,
				3BC6BCF92D8A99DE00D6C948 /* MissionCompleteView.swift */,
				3BC6BCFE2D8AE9ED00D6C948 /* GameWinView.swift */,
				A78BFD1B2D8E6DD10059D857 /* CameraView.swift */,
				A77580EC2D8E84120063C26E /* FetchImageView.swift */,
				3BC6BCFB2D8A9A9700D6C948 /* Components */,
			);
			path = View;
			sourceTree = "<group>";
		};
		3B93C6A92D8320B600E40CB7 /* ViewModel */ = {
			isa = PBXGroup;
			children = (
				3B93C6AE2D83E0C100E40CB7 /* SeekerViewModel.swift */,
				A78BFD192D8E6D720059D857 /* CameraViewModel.swift */,
				3B93C6B02D83E0D300E40CB7 /* HiderViewModel.swift */,
				3B447CB52D8BFC4500639228 /* PlayerCaptureManager.swift */,
				3B93C6B42D856A6200E40CB7 /* MissionViewModel.swift */,
				3BC6BCF32D8A976E00D6C948 /* DecibelViewModel.swift */,
				3B93C6BB2D856CF900E40CB7 /* StepTrackViewModel.swift */,
				A7F8A7FE2D8D4DA600E50916 /* locationViewModel.swift */,
				A7F8A7FA2D8D4D5500E50916 /* GetLocationViewModel.swift */,
				A77580E82D8E7B370063C26E /* SupabaseManager.swift */,
				A77580EE2D8E87FA0063C26E /* SupabaseListViewModel.swift */,
			);
			path = ViewModel;
			sourceTree = "<group>";
		};
		3B93C6AB2D83216A00E40CB7 /* Frameworks */ = {
			isa = PBXGroup;
			children = (
			);
			name = Frameworks;
			sourceTree = "<group>";
		};
		3BC6BCFB2D8A9A9700D6C948 /* Components */ = {
			isa = PBXGroup;
			children = (
				3BC6BCFC2D8A9ABB00D6C948 /* PrimaryButtonStyle.swift */,
				3BFBD6292D8C439E00CCFCE1 /* MissionCountdownView.swift */,
				3BFBD62B2D8C45BD00CCFCE1 /* ComponentView.swift */,
			);
			path = Components;
			sourceTree = "<group>";
		};
		3BFBD6242D8C400E00CCFCE1 /* Util */ = {
			isa = PBXGroup;
			children = (
				3BFBD6252D8C402600CCFCE1 /* ColorExtension.swift */,
				3BFBD6272D8C404500CCFCE1 /* BlurView.swift */,
			);
			path = Util;
			sourceTree = "<group>";
		};
		83504B6E2D8AFBB600E1FEB4 /* Lottie */ = {
			isa = PBXGroup;
			children = (
				3B981C6D2D8EB5F200723FD6 /* Timer.json */,
				3B4FFA6D2D8EC1A100FFB566 /* Seeker2.json */,
				A7F8A7FC2D8D4D5E00E50916 /* Party.json */,
				3B6B03672D8E900E000E4160 /* Loop_Lottie.View.swift */,
				3B6B03692D8E9010000E4160 /* Lottie_Animation.swift */,
				3B6B036F2D8E9071000E4160 /* Hider.json */,
				3B6B036D2D8E906C000E4160 /* Check.json */,
			);
			path = Lottie;
			sourceTree = "<group>";
		};
/* End PBXGroup section */

/* Begin PBXNativeTarget section */
		3B93C6792D82EBEF00E40CB7 /* narugakuruga */ = {
			isa = PBXNativeTarget;
			buildConfigurationList = 3B93C69E2D82EBF100E40CB7 /* Build configuration list for PBXNativeTarget "narugakuruga" */;
			buildPhases = (
				3B93C6762D82EBEF00E40CB7 /* Sources */,
				3B93C6772D82EBEF00E40CB7 /* Frameworks */,
				3B93C6782D82EBEF00E40CB7 /* Resources */,
			);
			buildRules = (
			);
			dependencies = (
			);
			name = narugakuruga;
			packageProductDependencies = (
				3B93C6AC2D83216A00E40CB7 /* Lottie */,
				3B93C6B72D856C7800E40CB7 /* FirebaseFirestore */,
				A77580E62D8E79300063C26E /* Supabase */,
			);
			productName = narugakuruga;
			productReference = 3B93C67A2D82EBEF00E40CB7 /* narugakuruga.app */;
			productType = "com.apple.product-type.application";
		};
		3B93C6892D82EBF100E40CB7 /* narugakurugaTests */ = {
			isa = PBXNativeTarget;
			buildConfigurationList = 3B93C6A12D82EBF100E40CB7 /* Build configuration list for PBXNativeTarget "narugakurugaTests" */;
			buildPhases = (
				3B93C6862D82EBF100E40CB7 /* Sources */,
				3B93C6872D82EBF100E40CB7 /* Frameworks */,
				3B93C6882D82EBF100E40CB7 /* Resources */,
			);
			buildRules = (
			);
			dependencies = (
				3B93C68C2D82EBF100E40CB7 /* PBXTargetDependency */,
			);
			name = narugakurugaTests;
			productName = narugakurugaTests;
			productReference = 3B93C68A2D82EBF100E40CB7 /* narugakurugaTests.xctest */;
			productType = "com.apple.product-type.bundle.unit-test";
		};
		3B93C6932D82EBF100E40CB7 /* narugakurugaUITests */ = {
			isa = PBXNativeTarget;
			buildConfigurationList = 3B93C6A42D82EBF100E40CB7 /* Build configuration list for PBXNativeTarget "narugakurugaUITests" */;
			buildPhases = (
				3B93C6902D82EBF100E40CB7 /* Sources */,
				3B93C6912D82EBF100E40CB7 /* Frameworks */,
				3B93C6922D82EBF100E40CB7 /* Resources */,
			);
			buildRules = (
			);
			dependencies = (
				3B93C6962D82EBF100E40CB7 /* PBXTargetDependency */,
			);
			name = narugakurugaUITests;
			productName = narugakurugaUITests;
			productReference = 3B93C6942D82EBF100E40CB7 /* narugakurugaUITests.xctest */;
			productType = "com.apple.product-type.bundle.ui-testing";
		};
/* End PBXNativeTarget section */

/* Begin PBXProject section */
		3B93C6722D82EBEF00E40CB7 /* Project object */ = {
			isa = PBXProject;
			attributes = {
				BuildIndependentTargetsInParallel = 1;
				LastSwiftUpdateCheck = 1540;
				LastUpgradeCheck = 1540;
				TargetAttributes = {
					3B93C6792D82EBEF00E40CB7 = {
						CreatedOnToolsVersion = 15.4;
					};
					3B93C6892D82EBF100E40CB7 = {
						CreatedOnToolsVersion = 15.4;
						TestTargetID = 3B93C6792D82EBEF00E40CB7;
					};
					3B93C6932D82EBF100E40CB7 = {
						CreatedOnToolsVersion = 15.4;
						TestTargetID = 3B93C6792D82EBEF00E40CB7;
					};
				};
			};
			buildConfigurationList = 3B93C6752D82EBEF00E40CB7 /* Build configuration list for PBXProject "narugakuruga" */;
			compatibilityVersion = "Xcode 14.0";
			developmentRegion = en;
			hasScannedForEncodings = 0;
			knownRegions = (
				en,
				Base,
			);
			mainGroup = 3B93C6712D82EBEF00E40CB7;
			packageReferences = (
				3B93C6AA2D83215E00E40CB7 /* XCRemoteSwiftPackageReference "lottie-ios" */,
				3B93C6B62D856C4A00E40CB7 /* XCRemoteSwiftPackageReference "firebase-ios-sdk" */,
				A77580E52D8E76F80063C26E /* XCRemoteSwiftPackageReference "supabase-swift" */,
			);
			productRefGroup = 3B93C67B2D82EBEF00E40CB7 /* Products */;
			projectDirPath = "";
			projectRoot = "";
			targets = (
				3B93C6792D82EBEF00E40CB7 /* narugakuruga */,
				3B93C6892D82EBF100E40CB7 /* narugakurugaTests */,
				3B93C6932D82EBF100E40CB7 /* narugakurugaUITests */,
			);
		};
/* End PBXProject section */

/* Begin PBXResourcesBuildPhase section */
		3B93C6782D82EBEF00E40CB7 /* Resources */ = {
			isa = PBXResourcesBuildPhase;
			buildActionMask = 2147483647;
			files = (
				3B93C6B32D83F6AD00E40CB7 /* seek_sound.mp3 in Resources */,
				A7F8A7FD2D8D4D5E00E50916 /* Party.json in Resources */,
				3B93C6C02D8570CA00E40CB7 /* GoogleService-Info.plist in Resources */,
				3B93C6852D82EBF100E40CB7 /* Preview Assets.xcassets in Resources */,
				3B6B036E2D8E906C000E4160 /* Check.json in Resources */,
				3B981C6E2D8EB5F300723FD6 /* Timer.json in Resources */,
				3B6B03702D8E9072000E4160 /* Hider.json in Resources */,
				3B93C6822D82EBF100E40CB7 /* Assets.xcassets in Resources */,
				3B4FFA6E2D8EC1A100FFB566 /* Seeker2.json in Resources */,
			);
			runOnlyForDeploymentPostprocessing = 0;
		};
		3B93C6882D82EBF100E40CB7 /* Resources */ = {
			isa = PBXResourcesBuildPhase;
			buildActionMask = 2147483647;
			files = (
			);
			runOnlyForDeploymentPostprocessing = 0;
		};
		3B93C6922D82EBF100E40CB7 /* Resources */ = {
			isa = PBXResourcesBuildPhase;
			buildActionMask = 2147483647;
			files = (
			);
			runOnlyForDeploymentPostprocessing = 0;
		};
/* End PBXResourcesBuildPhase section */

/* Begin PBXSourcesBuildPhase section */
		3B93C6762D82EBEF00E40CB7 /* Sources */ = {
			isa = PBXSourcesBuildPhase;
			buildActionMask = 2147483647;
			files = (
				3BC6BCF82D8A978700D6C948 /* WalkView.swift in Sources */,
				A7F8A7FF2D8D4DA600E50916 /* locationViewModel.swift in Sources */,
				3B447CB82D8BFC5800639228 /* HiderView.swift in Sources */,
				A77580ED2D8E84120063C26E /* FetchImageView.swift in Sources */,
				A7F8A7FB2D8D4D5500E50916 /* GetLocationViewModel.swift in Sources */,
				3B93C6BE2D856D9A00E40CB7 /* MissionModel.swift in Sources */,
				3BFBD62A2D8C439E00CCFCE1 /* MissionCountdownView.swift in Sources */,
				3B6B036A2D8E9010000E4160 /* Lottie_Animation.swift in Sources */,
				3BFBD6262D8C402600CCFCE1 /* ColorExtension.swift in Sources */,
				3B93C6802D82EBEF00E40CB7 /* ContentView.swift in Sources */,
				3B447CBA2D8BFC6C00639228 /* SeekerView.swift in Sources */,
				A78BFD1E2D8E71F80059D857 /* HiderMapView.swift in Sources */,
				3B0E06182D8E7C53000A5C37 /* SpeechView.swift in Sources */,
				3BC6BCFA2D8A99DE00D6C948 /* MissionCompleteView.swift in Sources */,
				3B93C6B52D856A6200E40CB7 /* MissionViewModel.swift in Sources */,
				3B93C67E2D82EBEF00E40CB7 /* narugakurugaApp.swift in Sources */,
				3B93C6AF2D83E0C100E40CB7 /* SeekerViewModel.swift in Sources */,
				A78BFD202D8E72000059D857 /* HiderMainView.swift in Sources */,
				A753B0ED2D8E996900C78A5A /* SeekerCountView.swift in Sources */,
				3BC6BCFD2D8A9ABB00D6C948 /* PrimaryButtonStyle.swift in Sources */,
				3B93C6BC2D856CF900E40CB7 /* StepTrackViewModel.swift in Sources */,
				A7F8A7F92D8D4D3E00E50916 /* LocationView.swift in Sources */,
				3B447CB62D8BFC4500639228 /* PlayerCaptureManager.swift in Sources */,
				3BC6BCFF2D8AE9ED00D6C948 /* GameWinView.swift in Sources */,
				3B93C6B12D83E0D300E40CB7 /* HiderViewModel.swift in Sources */,
				3BC6BCF62D8A977E00D6C948 /* DecibelsView.swift in Sources */,
				A78BFD1C2D8E6DD10059D857 /* CameraView.swift in Sources */,
				3BFBD62C2D8C45BD00CCFCE1 /* ComponentView.swift in Sources */,
				3B6B03682D8E900E000E4160 /* Loop_Lottie.View.swift in Sources */,
				3BFBD6282D8C404500CCFCE1 /* BlurView.swift in Sources */,
				3B93C6BA2D856CCE00E40CB7 /* MissionView.swift in Sources */,
				3BC6BCF42D8A976E00D6C948 /* DecibelViewModel.swift in Sources */,
				A77580EF2D8E87FA0063C26E /* SupabaseListViewModel.swift in Sources */,
				A78BFD1A2D8E6D720059D857 /* CameraViewModel.swift in Sources */,
				A77580E92D8E7B370063C26E /* SupabaseManager.swift in Sources */,
			);
			runOnlyForDeploymentPostprocessing = 0;
		};
		3B93C6862D82EBF100E40CB7 /* Sources */ = {
			isa = PBXSourcesBuildPhase;
			buildActionMask = 2147483647;
			files = (
				3B93C68F2D82EBF100E40CB7 /* narugakurugaTests.swift in Sources */,
			);
			runOnlyForDeploymentPostprocessing = 0;
		};
		3B93C6902D82EBF100E40CB7 /* Sources */ = {
			isa = PBXSourcesBuildPhase;
			buildActionMask = 2147483647;
			files = (
				3B93C6992D82EBF100E40CB7 /* narugakurugaUITests.swift in Sources */,
				3B93C69B2D82EBF100E40CB7 /* narugakurugaUITestsLaunchTests.swift in Sources */,
			);
			runOnlyForDeploymentPostprocessing = 0;
		};
/* End PBXSourcesBuildPhase section */

/* Begin PBXTargetDependency section */
		3B93C68C2D82EBF100E40CB7 /* PBXTargetDependency */ = {
			isa = PBXTargetDependency;
			target = 3B93C6792D82EBEF00E40CB7 /* narugakuruga */;
			targetProxy = 3B93C68B2D82EBF100E40CB7 /* PBXContainerItemProxy */;
		};
		3B93C6962D82EBF100E40CB7 /* PBXTargetDependency */ = {
			isa = PBXTargetDependency;
			target = 3B93C6792D82EBEF00E40CB7 /* narugakuruga */;
			targetProxy = 3B93C6952D82EBF100E40CB7 /* PBXContainerItemProxy */;
		};
/* End PBXTargetDependency section */

/* Begin XCBuildConfiguration section */
		3B93C69C2D82EBF100E40CB7 /* Debug */ = {
			isa = XCBuildConfiguration;
			buildSettings = {
				ALWAYS_SEARCH_USER_PATHS = NO;
				ASSETCATALOG_COMPILER_GENERATE_SWIFT_ASSET_SYMBOL_EXTENSIONS = YES;
				CLANG_ANALYZER_NONNULL = YES;
				CLANG_ANALYZER_NUMBER_OBJECT_CONVERSION = YES_AGGRESSIVE;
				CLANG_CXX_LANGUAGE_STANDARD = "gnu++20";
				CLANG_ENABLE_MODULES = YES;
				CLANG_ENABLE_OBJC_ARC = YES;
				CLANG_ENABLE_OBJC_WEAK = YES;
				CLANG_WARN_BLOCK_CAPTURE_AUTORELEASING = YES;
				CLANG_WARN_BOOL_CONVERSION = YES;
				CLANG_WARN_COMMA = YES;
				CLANG_WARN_CONSTANT_CONVERSION = YES;
				CLANG_WARN_DEPRECATED_OBJC_IMPLEMENTATIONS = YES;
				CLANG_WARN_DIRECT_OBJC_ISA_USAGE = YES_ERROR;
				CLANG_WARN_DOCUMENTATION_COMMENTS = YES;
				CLANG_WARN_EMPTY_BODY = YES;
				CLANG_WARN_ENUM_CONVERSION = YES;
				CLANG_WARN_INFINITE_RECURSION = YES;
				CLANG_WARN_INT_CONVERSION = YES;
				CLANG_WARN_NON_LITERAL_NULL_CONVERSION = YES;
				CLANG_WARN_OBJC_IMPLICIT_RETAIN_SELF = YES;
				CLANG_WARN_OBJC_LITERAL_CONVERSION = YES;
				CLANG_WARN_OBJC_ROOT_CLASS = YES_ERROR;
				CLANG_WARN_QUOTED_INCLUDE_IN_FRAMEWORK_HEADER = YES;
				CLANG_WARN_RANGE_LOOP_ANALYSIS = YES;
				CLANG_WARN_STRICT_PROTOTYPES = YES;
				CLANG_WARN_SUSPICIOUS_MOVE = YES;
				CLANG_WARN_UNGUARDED_AVAILABILITY = YES_AGGRESSIVE;
				CLANG_WARN_UNREACHABLE_CODE = YES;
				CLANG_WARN__DUPLICATE_METHOD_MATCH = YES;
				COPY_PHASE_STRIP = NO;
				DEBUG_INFORMATION_FORMAT = dwarf;
				ENABLE_STRICT_OBJC_MSGSEND = YES;
				ENABLE_TESTABILITY = YES;
				ENABLE_USER_SCRIPT_SANDBOXING = YES;
				GCC_C_LANGUAGE_STANDARD = gnu17;
				GCC_DYNAMIC_NO_PIC = NO;
				GCC_NO_COMMON_BLOCKS = YES;
				GCC_OPTIMIZATION_LEVEL = 0;
				GCC_PREPROCESSOR_DEFINITIONS = (
					"DEBUG=1",
					"$(inherited)",
				);
				GCC_WARN_64_TO_32_BIT_CONVERSION = YES;
				GCC_WARN_ABOUT_RETURN_TYPE = YES_ERROR;
				GCC_WARN_UNDECLARED_SELECTOR = YES;
				GCC_WARN_UNINITIALIZED_AUTOS = YES_AGGRESSIVE;
				GCC_WARN_UNUSED_FUNCTION = YES;
				GCC_WARN_UNUSED_VARIABLE = YES;
				IPHONEOS_DEPLOYMENT_TARGET = 17.5;
				LOCALIZATION_PREFERS_STRING_CATALOGS = YES;
				MTL_ENABLE_DEBUG_INFO = INCLUDE_SOURCE;
				MTL_FAST_MATH = YES;
				ONLY_ACTIVE_ARCH = YES;
				SDKROOT = iphoneos;
				SWIFT_ACTIVE_COMPILATION_CONDITIONS = "DEBUG $(inherited)";
				SWIFT_OPTIMIZATION_LEVEL = "-Onone";
			};
			name = Debug;
		};
		3B93C69D2D82EBF100E40CB7 /* Release */ = {
			isa = XCBuildConfiguration;
			buildSettings = {
				ALWAYS_SEARCH_USER_PATHS = NO;
				ASSETCATALOG_COMPILER_GENERATE_SWIFT_ASSET_SYMBOL_EXTENSIONS = YES;
				CLANG_ANALYZER_NONNULL = YES;
				CLANG_ANALYZER_NUMBER_OBJECT_CONVERSION = YES_AGGRESSIVE;
				CLANG_CXX_LANGUAGE_STANDARD = "gnu++20";
				CLANG_ENABLE_MODULES = YES;
				CLANG_ENABLE_OBJC_ARC = YES;
				CLANG_ENABLE_OBJC_WEAK = YES;
				CLANG_WARN_BLOCK_CAPTURE_AUTORELEASING = YES;
				CLANG_WARN_BOOL_CONVERSION = YES;
				CLANG_WARN_COMMA = YES;
				CLANG_WARN_CONSTANT_CONVERSION = YES;
				CLANG_WARN_DEPRECATED_OBJC_IMPLEMENTATIONS = YES;
				CLANG_WARN_DIRECT_OBJC_ISA_USAGE = YES_ERROR;
				CLANG_WARN_DOCUMENTATION_COMMENTS = YES;
				CLANG_WARN_EMPTY_BODY = YES;
				CLANG_WARN_ENUM_CONVERSION = YES;
				CLANG_WARN_INFINITE_RECURSION = YES;
				CLANG_WARN_INT_CONVERSION = YES;
				CLANG_WARN_NON_LITERAL_NULL_CONVERSION = YES;
				CLANG_WARN_OBJC_IMPLICIT_RETAIN_SELF = YES;
				CLANG_WARN_OBJC_LITERAL_CONVERSION = YES;
				CLANG_WARN_OBJC_ROOT_CLASS = YES_ERROR;
				CLANG_WARN_QUOTED_INCLUDE_IN_FRAMEWORK_HEADER = YES;
				CLANG_WARN_RANGE_LOOP_ANALYSIS = YES;
				CLANG_WARN_STRICT_PROTOTYPES = YES;
				CLANG_WARN_SUSPICIOUS_MOVE = YES;
				CLANG_WARN_UNGUARDED_AVAILABILITY = YES_AGGRESSIVE;
				CLANG_WARN_UNREACHABLE_CODE = YES;
				CLANG_WARN__DUPLICATE_METHOD_MATCH = YES;
				COPY_PHASE_STRIP = NO;
				DEBUG_INFORMATION_FORMAT = "dwarf-with-dsym";
				ENABLE_NS_ASSERTIONS = NO;
				ENABLE_STRICT_OBJC_MSGSEND = YES;
				ENABLE_USER_SCRIPT_SANDBOXING = YES;
				GCC_C_LANGUAGE_STANDARD = gnu17;
				GCC_NO_COMMON_BLOCKS = YES;
				GCC_WARN_64_TO_32_BIT_CONVERSION = YES;
				GCC_WARN_ABOUT_RETURN_TYPE = YES_ERROR;
				GCC_WARN_UNDECLARED_SELECTOR = YES;
				GCC_WARN_UNINITIALIZED_AUTOS = YES_AGGRESSIVE;
				GCC_WARN_UNUSED_FUNCTION = YES;
				GCC_WARN_UNUSED_VARIABLE = YES;
				IPHONEOS_DEPLOYMENT_TARGET = 17.5;
				LOCALIZATION_PREFERS_STRING_CATALOGS = YES;
				MTL_ENABLE_DEBUG_INFO = NO;
				MTL_FAST_MATH = YES;
				SDKROOT = iphoneos;
				SWIFT_COMPILATION_MODE = wholemodule;
				VALIDATE_PRODUCT = YES;
			};
			name = Release;
		};
		3B93C69F2D82EBF100E40CB7 /* Debug */ = {
			isa = XCBuildConfiguration;
			buildSettings = {
				ASSETCATALOG_COMPILER_APPICON_NAME = AppIcon;
				ASSETCATALOG_COMPILER_GLOBAL_ACCENT_COLOR_NAME = AccentColor;
				CODE_SIGN_STYLE = Automatic;
				CURRENT_PROJECT_VERSION = 1;
				DEVELOPMENT_ASSET_PATHS = "\"narugakuruga/Preview Content\"";
				DEVELOPMENT_TEAM = 7BTRA2CXR7;
				ENABLE_PREVIEWS = YES;
				GENERATE_INFOPLIST_FILE = YES;
				INFOPLIST_KEY_NSBluetoothAlwaysUsageDescription = "このアプリはかくれんぼのためにBluetoothを使用します。";
				INFOPLIST_KEY_NSCameraUsageDescription = "カメラを使用します";
				INFOPLIST_KEY_NSLocationWhenInUseUsageDescription = "位置情報を利用します。";
				INFOPLIST_KEY_NSMicrophoneUsageDescription = "音声を解析します";
				INFOPLIST_KEY_NSMotionUsageDescription = "このアプリは歩数データを取得して、ミッションの進行を記録するために使用します。";
				INFOPLIST_KEY_UIApplicationSceneManifest_Generation = YES;
				INFOPLIST_KEY_UIApplicationSupportsIndirectInputEvents = YES;
				INFOPLIST_KEY_UILaunchScreen_Generation = YES;
				INFOPLIST_KEY_UISupportedInterfaceOrientations_iPad = "UIInterfaceOrientationPortrait UIInterfaceOrientationPortraitUpsideDown UIInterfaceOrientationLandscapeLeft UIInterfaceOrientationLandscapeRight";
				INFOPLIST_KEY_UISupportedInterfaceOrientations_iPhone = "UIInterfaceOrientationPortrait UIInterfaceOrientationLandscapeLeft UIInterfaceOrientationLandscapeRight";
				LD_RUNPATH_SEARCH_PATHS = (
					"$(inherited)",
					"@executable_path/Frameworks",
				);
				MARKETING_VERSION = 1.0;
				PRODUCT_BUNDLE_IDENTIFIER = com.narugakuruga;
				PRODUCT_NAME = "$(TARGET_NAME)";
				SWIFT_EMIT_LOC_STRINGS = YES;
				SWIFT_VERSION = 5.0;
				TARGETED_DEVICE_FAMILY = "1,2";
			};
			name = Debug;
		};
		3B93C6A02D82EBF100E40CB7 /* Release */ = {
			isa = XCBuildConfiguration;
			buildSettings = {
				ASSETCATALOG_COMPILER_APPICON_NAME = AppIcon;
				ASSETCATALOG_COMPILER_GLOBAL_ACCENT_COLOR_NAME = AccentColor;
				CODE_SIGN_STYLE = Automatic;
				CURRENT_PROJECT_VERSION = 1;
				DEVELOPMENT_ASSET_PATHS = "\"narugakuruga/Preview Content\"";
				DEVELOPMENT_TEAM = 7BTRA2CXR7;
				ENABLE_PREVIEWS = YES;
				GENERATE_INFOPLIST_FILE = YES;
				INFOPLIST_KEY_NSBluetoothAlwaysUsageDescription = "このアプリはかくれんぼのためにBluetoothを使用します。";
				INFOPLIST_KEY_NSCameraUsageDescription = "カメラを使用します";
				INFOPLIST_KEY_NSLocationWhenInUseUsageDescription = "位置情報を利用します。";
				INFOPLIST_KEY_NSMicrophoneUsageDescription = "音声を解析します";
				INFOPLIST_KEY_NSMotionUsageDescription = "このアプリは歩数データを取得して、ミッションの進行を記録するために使用します。";
				INFOPLIST_KEY_UIApplicationSceneManifest_Generation = YES;
				INFOPLIST_KEY_UIApplicationSupportsIndirectInputEvents = YES;
				INFOPLIST_KEY_UILaunchScreen_Generation = YES;
				INFOPLIST_KEY_UISupportedInterfaceOrientations_iPad = "UIInterfaceOrientationPortrait UIInterfaceOrientationPortraitUpsideDown UIInterfaceOrientationLandscapeLeft UIInterfaceOrientationLandscapeRight";
				INFOPLIST_KEY_UISupportedInterfaceOrientations_iPhone = "UIInterfaceOrientationPortrait UIInterfaceOrientationLandscapeLeft UIInterfaceOrientationLandscapeRight";
				LD_RUNPATH_SEARCH_PATHS = (
					"$(inherited)",
					"@executable_path/Frameworks",
				);
				MARKETING_VERSION = 1.0;
				PRODUCT_BUNDLE_IDENTIFIER = com.narugakuruga;
				PRODUCT_NAME = "$(TARGET_NAME)";
				SWIFT_EMIT_LOC_STRINGS = YES;
				SWIFT_VERSION = 5.0;
				TARGETED_DEVICE_FAMILY = "1,2";
			};
			name = Release;
		};
		3B93C6A22D82EBF100E40CB7 /* Debug */ = {
			isa = XCBuildConfiguration;
			buildSettings = {
				ALWAYS_EMBED_SWIFT_STANDARD_LIBRARIES = YES;
				BUNDLE_LOADER = "$(TEST_HOST)";
				CODE_SIGN_STYLE = Automatic;
				CURRENT_PROJECT_VERSION = 1;
				DEVELOPMENT_TEAM = 922N7TF68N;
				GENERATE_INFOPLIST_FILE = YES;
				IPHONEOS_DEPLOYMENT_TARGET = 17.5;
				MARKETING_VERSION = 1.0;
				PRODUCT_BUNDLE_IDENTIFIER = erichan.narugakurugaTests;
				PRODUCT_NAME = "$(TARGET_NAME)";
				SWIFT_EMIT_LOC_STRINGS = NO;
				SWIFT_VERSION = 5.0;
				TARGETED_DEVICE_FAMILY = "1,2";
				TEST_HOST = "$(BUILT_PRODUCTS_DIR)/narugakuruga.app/$(BUNDLE_EXECUTABLE_FOLDER_PATH)/narugakuruga";
			};
			name = Debug;
		};
		3B93C6A32D82EBF100E40CB7 /* Release */ = {
			isa = XCBuildConfiguration;
			buildSettings = {
				ALWAYS_EMBED_SWIFT_STANDARD_LIBRARIES = YES;
				BUNDLE_LOADER = "$(TEST_HOST)";
				CODE_SIGN_STYLE = Automatic;
				CURRENT_PROJECT_VERSION = 1;
				DEVELOPMENT_TEAM = 922N7TF68N;
				GENERATE_INFOPLIST_FILE = YES;
				IPHONEOS_DEPLOYMENT_TARGET = 17.5;
				MARKETING_VERSION = 1.0;
				PRODUCT_BUNDLE_IDENTIFIER = erichan.narugakurugaTests;
				PRODUCT_NAME = "$(TARGET_NAME)";
				SWIFT_EMIT_LOC_STRINGS = NO;
				SWIFT_VERSION = 5.0;
				TARGETED_DEVICE_FAMILY = "1,2";
				TEST_HOST = "$(BUILT_PRODUCTS_DIR)/narugakuruga.app/$(BUNDLE_EXECUTABLE_FOLDER_PATH)/narugakuruga";
			};
			name = Release;
		};
		3B93C6A52D82EBF100E40CB7 /* Debug */ = {
			isa = XCBuildConfiguration;
			buildSettings = {
				ALWAYS_EMBED_SWIFT_STANDARD_LIBRARIES = YES;
				CODE_SIGN_STYLE = Automatic;
				CURRENT_PROJECT_VERSION = 1;
				DEVELOPMENT_TEAM = 922N7TF68N;
				GENERATE_INFOPLIST_FILE = YES;
				MARKETING_VERSION = 1.0;
				PRODUCT_BUNDLE_IDENTIFIER = erichan.narugakurugaUITests;
				PRODUCT_NAME = "$(TARGET_NAME)";
				SWIFT_EMIT_LOC_STRINGS = NO;
				SWIFT_VERSION = 5.0;
				TARGETED_DEVICE_FAMILY = "1,2";
				TEST_TARGET_NAME = narugakuruga;
			};
			name = Debug;
		};
		3B93C6A62D82EBF100E40CB7 /* Release */ = {
			isa = XCBuildConfiguration;
			buildSettings = {
				ALWAYS_EMBED_SWIFT_STANDARD_LIBRARIES = YES;
				CODE_SIGN_STYLE = Automatic;
				CURRENT_PROJECT_VERSION = 1;
				DEVELOPMENT_TEAM = 922N7TF68N;
				GENERATE_INFOPLIST_FILE = YES;
				MARKETING_VERSION = 1.0;
				PRODUCT_BUNDLE_IDENTIFIER = erichan.narugakurugaUITests;
				PRODUCT_NAME = "$(TARGET_NAME)";
				SWIFT_EMIT_LOC_STRINGS = NO;
				SWIFT_VERSION = 5.0;
				TARGETED_DEVICE_FAMILY = "1,2";
				TEST_TARGET_NAME = narugakuruga;
			};
			name = Release;
		};
/* End XCBuildConfiguration section */

/* Begin XCConfigurationList section */
		3B93C6752D82EBEF00E40CB7 /* Build configuration list for PBXProject "narugakuruga" */ = {
			isa = XCConfigurationList;
			buildConfigurations = (
				3B93C69C2D82EBF100E40CB7 /* Debug */,
				3B93C69D2D82EBF100E40CB7 /* Release */,
			);
			defaultConfigurationIsVisible = 0;
			defaultConfigurationName = Release;
		};
		3B93C69E2D82EBF100E40CB7 /* Build configuration list for PBXNativeTarget "narugakuruga" */ = {
			isa = XCConfigurationList;
			buildConfigurations = (
				3B93C69F2D82EBF100E40CB7 /* Debug */,
				3B93C6A02D82EBF100E40CB7 /* Release */,
			);
			defaultConfigurationIsVisible = 0;
			defaultConfigurationName = Release;
		};
		3B93C6A12D82EBF100E40CB7 /* Build configuration list for PBXNativeTarget "narugakurugaTests" */ = {
			isa = XCConfigurationList;
			buildConfigurations = (
				3B93C6A22D82EBF100E40CB7 /* Debug */,
				3B93C6A32D82EBF100E40CB7 /* Release */,
			);
			defaultConfigurationIsVisible = 0;
			defaultConfigurationName = Release;
		};
		3B93C6A42D82EBF100E40CB7 /* Build configuration list for PBXNativeTarget "narugakurugaUITests" */ = {
			isa = XCConfigurationList;
			buildConfigurations = (
				3B93C6A52D82EBF100E40CB7 /* Debug */,
				3B93C6A62D82EBF100E40CB7 /* Release */,
			);
			defaultConfigurationIsVisible = 0;
			defaultConfigurationName = Release;
		};
/* End XCConfigurationList section */

/* Begin XCRemoteSwiftPackageReference section */
		3B93C6AA2D83215E00E40CB7 /* XCRemoteSwiftPackageReference "lottie-ios" */ = {
			isa = XCRemoteSwiftPackageReference;
			repositoryURL = "https://github.com/airbnb/lottie-ios";
			requirement = {
				kind = upToNextMajorVersion;
				minimumVersion = 4.5.1;
			};
		};
		3B93C6B62D856C4A00E40CB7 /* XCRemoteSwiftPackageReference "firebase-ios-sdk" */ = {
			isa = XCRemoteSwiftPackageReference;
			repositoryURL = "https://github.com/firebase/firebase-ios-sdk";
			requirement = {
				kind = upToNextMajorVersion;
				minimumVersion = 11.9.0;
			};
		};
		A77580E52D8E76F80063C26E /* XCRemoteSwiftPackageReference "supabase-swift" */ = {
			isa = XCRemoteSwiftPackageReference;
			repositoryURL = "https://github.com/supabase/supabase-swift";
			requirement = {
				kind = upToNextMajorVersion;
				minimumVersion = 2.5.1;
			};
		};
/* End XCRemoteSwiftPackageReference section */

/* Begin XCSwiftPackageProductDependency section */
		3B93C6AC2D83216A00E40CB7 /* Lottie */ = {
			isa = XCSwiftPackageProductDependency;
			package = 3B93C6AA2D83215E00E40CB7 /* XCRemoteSwiftPackageReference "lottie-ios" */;
			productName = Lottie;
		};
		3B93C6B72D856C7800E40CB7 /* FirebaseFirestore */ = {
			isa = XCSwiftPackageProductDependency;
			package = 3B93C6B62D856C4A00E40CB7 /* XCRemoteSwiftPackageReference "firebase-ios-sdk" */;
			productName = FirebaseFirestore;
		};
		A77580E62D8E79300063C26E /* Supabase */ = {
			isa = XCSwiftPackageProductDependency;
			package = A77580E52D8E76F80063C26E /* XCRemoteSwiftPackageReference "supabase-swift" */;
			productName = Supabase;
		};
/* End XCSwiftPackageProductDependency section */
	};
	rootObject = 3B93C6722D82EBEF00E40CB7 /* Project object */;
}
